
Microsoft Visual Studio Solution File, Format Version 12.00
# Visual Studio 15
VisualStudioVersion = 15.0.27004.2008
MinimumVisualStudioVersion = 10.0.40219.1
Project("{FAE04EC0-301F-11D3-BF4B-00C04F79EFBC}") = "NestedDictionaryLib", "NestedDictionaryLib\NestedDictionaryLib.csproj", "{C87575A9-42E2-415B-91C2-2C470586FC97}"
EndProject
Project("{FAE04EC0-301F-11D3-BF4B-00C04F79EFBC}") = "ExampleCli", "ExampleCli\ExampleCli.csproj", "{A24D1991-F9B1-47D2-ACBA-5620197B87FB}"
EndProject
Global
	GlobalSection(SolutionConfigurationPlatforms) = preSolution
		Debug|Any CPU = Debug|Any CPU
		Release|Any CPU = Release|Any CPU
	EndGlobalSection
	GlobalSection(ProjectConfigurationPlatforms) = postSolution
		{C87575A9-42E2-415B-91C2-2C470586FC97}.Debug|Any CPU.ActiveCfg = Debug|Any CPU
		{C87575A9-42E2-415B-91C2-2C470586FC97}.Debug|Any CPU.Build.0 = Debug|Any CPU
		{C87575A9-42E2-415B-91C2-2C470586FC97}.Release|Any CPU.ActiveCfg = Release|Any CPU
		{C87575A9-42E2-415B-91C2-2C470586FC97}.Release|Any CPU.Build.0 = Release|Any CPU
		{A24D1991-F9B1-47D2-ACBA-5620197B87FB}.Debug|Any CPU.ActiveCfg = Debug|Any CPU
		{A24D1991-F9B1-47D2-ACBA-5620197B87FB}.Debug|Any CPU.Build.0 = Debug|Any CPU
		{A24D1991-F9B1-47D2-ACBA-5620197B87FB}.Release|Any CPU.ActiveCfg = Release|Any CPU
		{A24D1991-F9B1-47D2-ACBA-5620197B87FB}.Release|Any CPU.Build.0 = Release|Any CPU
	EndGlobalSection
	GlobalSection(SolutionProperties) = preSolution
		HideSolutionNode = FALSE
	EndGlobalSection
	GlobalSection(ExtensibilityGlobals) = postSolution
		SolutionGuid = {BC52ED6B-6A07-4954-8F64-509F0524808C}
	EndGlobalSection
EndGlobal
